
Microsoft Visual Studio Solution File, Format Version 12.00
# Visual Studio Version 17
VisualStudioVersion = 17.13.35931.197
MinimumVisualStudioVersion = 10.0.40219.1
Project("{2150E333-8FDC-42A3-9474-1A3956D46DE8}") = "API Gateways", "API Gateways", "{02EA681E-C7D8-13C7-8484-4AC65E1B71E8}"
EndProject
Project("{2150E333-8FDC-42A3-9474-1A3956D46DE8}") = "BuildingBlocks", "BuildingBlocks", "{3A857F96-9401-41E3-A0FA-87F4250C533E}"
EndProject
Project("{2150E333-8FDC-42A3-9474-1A3956D46DE8}") = "Services", "Services", "{9617C6F9-70E4-4506-8B99-5803741515F4}"
EndProject
Project("{2150E333-8FDC-42A3-9474-1A3956D46DE8}") = "Frontend", "Frontend", "{CD79CF8C-1950-4677-8591-7F8E8F5481DC}"
EndProject
Project("{FAE04EC0-301F-11D3-BF4B-00C04F79EFBC}") = "AgentPortalGateway.Api", "AgentPortalGateway.Api\AgentPortalGateway.Api.csproj", "{1D5E776C-EC67-4BB1-9C66-A09240A6BCED}"
EndProject
Project("{FAE04EC0-301F-11D3-BF4B-00C04F79EFBC}") = "AgentPortalGateway.Test", "AgentPortalGateway.Test\AgentPortalGateway.Test.csproj", "{EC318EB8-4229-482F-85B5-CB2D96ADF191}"
EndProject
Project("{FAE04EC0-301F-11D3-BF4B-00C04F79EFBC}") = "BuildingBlocks.Common", "BuildingBlocks.Common\BuildingBlocks.Common.csproj", "{5AD86954-6190-402F-816D-81EA7746F473}"
EndProject
Project("{FAE04EC0-301F-11D3-BF4B-00C04F79EFBC}") = "BuildingBlocks.EventBus", "BuildingBlocks.EventBus\BuildingBlocks.EventBus.csproj", "{AC08CE41-7ADF-44A7-B1DB-D81A95FB06C7}"
EndProject
Project("{FAE04EC0-301F-11D3-BF4B-00C04F79EFBC}") = "BuildingBlocks.Infrastructure", "BuildingBlocks.Infrastructure\BuildingBlocks.Infrastructure.csproj", "{18A1A495-9280-493E-B1F8-01BFDF933DA6}"
EndProject
Project("{FAE04EC0-301F-11D3-BF4B-00C04F79EFBC}") = "BuildingBlocks.Contracts", "BuildingBlocks.Contracts\BuildingBlocks.Contracts.csproj", "{5679669D-0398-4694-AC3E-CE012DB8D0CB}"
EndProject
Project("{2150E333-8FDC-42A3-9474-1A3956D46DE8}") = "ProductService", "ProductService", "{B2E900FF-A214-4047-8278-FD5876C8EE7C}"
EndProject
Project("{2150E333-8FDC-42A3-9474-1A3956D46DE8}") = "AuthService", "AuthService", "{B04F6D06-F3F6-4DC6-A49B-E40940D82F0F}"
EndProject
Project("{2150E333-8FDC-42A3-9474-1A3956D46DE8}") = "PricingService", "PricingService", "{8EDE126D-C9F9-4384-BC9F-452DF0C84451}"
EndProject
Project("{2150E333-8FDC-42A3-9474-1A3956D46DE8}") = "PolicyService", "PolicyService", "{7A02BA7E-8C96-4B7D-A55A-7E24C1F3FD36}"
EndProject
Project("{2150E333-8FDC-42A3-9474-1A3956D46DE8}") = "PolicySearchService", "PolicySearchService", "{9FBB116F-1BCA-486A-961D-FFCBE4D4E8BD}"
EndProject
Project("{2150E333-8FDC-42A3-9474-1A3956D46DE8}") = "PaymentService", "PaymentService", "{D37992D6-1286-4D1B-A3E2-0A64E5024158}"
EndProject
Project("{2150E333-8FDC-42A3-9474-1A3956D46DE8}") = "DocumentService", "DocumentService", "{F128218B-FDE8-44A9-A531-939C151CEC47}"
EndProject
Project("{2150E333-8FDC-42A3-9474-1A3956D46DE8}") = "ChatService", "ChatService", "{F7784048-603B-428B-AE23-0C68EC3EAF79}"
EndProject
Project("{FAE04EC0-301F-11D3-BF4B-00C04F79EFBC}") = "DocumentService.Test", "DocumentService.Test\DocumentService.Test.csproj", "{D814DB26-2578-4260-928E-60B785599723}"
EndProject
Project("{FAE04EC0-301F-11D3-BF4B-00C04F79EFBC}") = "DocumentService.Api", "DocumentService.Api\DocumentService.Api.csproj", "{B884FD5B-FB09-43F4-AADC-B507B7D14283}"
EndProject
Project("{E24C65DC-7377-472B-9ABA-BC803B73C61A}") = "Web", "Web\", "{A9807B56-ABAE-FC54-E455-F6F1CAEFB532}"
	ProjectSection(WebsiteProperties) = preProject
		TargetFrameworkMoniker = ".NETFramework,Version%3Dv4.8"
		Debug.AspNetCompiler.VirtualPath = "/localhost_63159"
		Debug.AspNetCompiler.PhysicalPath = "Web\"
		Debug.AspNetCompiler.TargetPath = "PrecompiledWeb\localhost_63159\"
		Debug.AspNetCompiler.Updateable = "true"
		Debug.AspNetCompiler.ForceOverwrite = "true"
		Debug.AspNetCompiler.FixedNames = "false"
		Debug.AspNetCompiler.Debug = "True"
		Release.AspNetCompiler.VirtualPath = "/localhost_63159"
		Release.AspNetCompiler.PhysicalPath = "Web\"
		Release.AspNetCompiler.TargetPath = "PrecompiledWeb\localhost_63159\"
		Release.AspNetCompiler.Updateable = "true"
		Release.AspNetCompiler.ForceOverwrite = "true"
		Release.AspNetCompiler.FixedNames = "false"
		Release.AspNetCompiler.Debug = "False"
		VWDPort = "63159"
		SlnRelativePath = "Web\"
	EndProjectSection
EndProject
Project("{E24C65DC-7377-472B-9ABA-BC803B73C61A}") = "scripts", "scripts\", "{19CD0B31-CDBA-7499-6B78-B3699FA91985}"
	ProjectSection(WebsiteProperties) = preProject
		TargetFrameworkMoniker = ".NETFramework,Version%3Dv4.8"
		Debug.AspNetCompiler.VirtualPath = "/localhost_63182"
		Debug.AspNetCompiler.PhysicalPath = "scripts\"
		Debug.AspNetCompiler.TargetPath = "PrecompiledWeb\localhost_63182\"
		Debug.AspNetCompiler.Updateable = "true"
		Debug.AspNetCompiler.ForceOverwrite = "true"
		Debug.AspNetCompiler.FixedNames = "false"
		Debug.AspNetCompiler.Debug = "True"
		Release.AspNetCompiler.VirtualPath = "/localhost_63182"
		Release.AspNetCompiler.PhysicalPath = "scripts\"
		Release.AspNetCompiler.TargetPath = "PrecompiledWeb\localhost_63182\"
		Release.AspNetCompiler.Updateable = "true"
		Release.AspNetCompiler.ForceOverwrite = "true"
		Release.AspNetCompiler.FixedNames = "false"
		Release.AspNetCompiler.Debug = "False"
		VWDPort = "63182"
		SlnRelativePath = "scripts\"
	EndProjectSection
EndProject
Project("{2150E333-8FDC-42A3-9474-1A3956D46DE8}") = "postgres", "postgres", "{3D89768D-66F1-4088-A04B-E913D03CD93C}"
	ProjectSection(SolutionItems) = preProject
		..\..\..\Downloads\HH\postgres\createdatabases.sql = ..\..\..\Downloads\HH\postgres\createdatabases.sql
		..\..\..\Downloads\HH\postgres\Dockerfile = ..\..\..\Downloads\HH\postgres\Dockerfile
	EndProjectSection
EndProject
Project("{FAE04EC0-301F-11D3-BF4B-00C04F79EFBC}") = "PricingService.Test", "PricingService.Test\PricingService.Test.csproj", "{25FFA9DB-EDB2-AF0D-08AD-F27526313D17}"
EndProject
Project("{FAE04EC0-301F-11D3-BF4B-00C04F79EFBC}") = "PricingService.IntegrationTest", "PricingService.IntegrationTest\PricingService.IntegrationTest.csproj", "{54BADB52-6CD6-94C6-B6FA-E0A7D539B9EF}"
EndProject
Project("{FAE04EC0-301F-11D3-BF4B-00C04F79EFBC}") = "PricingService.Api", "PricingService.Api\PricingService.Api.csproj", "{E1BF8FC1-D2FB-B7F7-A0A4-F26308A5148F}"
EndProject
Project("{FAE04EC0-301F-11D3-BF4B-00C04F79EFBC}") = "PricingService", "PricingService\PricingService.csproj", "{12E328EC-7DE6-DEF2-A111-1BC5A703BC1F}"
EndProject
Project("{FAE04EC0-301F-11D3-BF4B-00C04F79EFBC}") = "PolicyService.Test", "PolicyService.Test\PolicyService.Test.csproj", "{165F78C5-A3D7-B031-BEF7-FA054423AEA6}"
EndProject
Project("{FAE04EC0-301F-11D3-BF4B-00C04F79EFBC}") = "PolicyService.Api", "PolicyService.Api\PolicyService.Api.csproj", "{F2359B45-5A76-DAC1-CE22-F700277D1BBA}"
EndProject
Project("{FAE04EC0-301F-11D3-BF4B-00C04F79EFBC}") = "PolicyService", "PolicyService\PolicyService.csproj", "{0376ABBC-B0CA-D498-83E2-33A2F4F6182A}"
EndProject
Project("{FAE04EC0-301F-11D3-BF4B-00C04F79EFBC}") = "PolicySearchService.Api", "PolicySearchService.Api\PolicySearchService.Api.csproj", "{2C670D3A-0567-C4FA-0C25-33C5B1E3DD09}"
EndProject
Project("{FAE04EC0-301F-11D3-BF4B-00C04F79EFBC}") = "PolicySearchService", "PolicySearchService\PolicySearchService.csproj", "{B3E6729F-40CD-2D44-A57D-0F5C044B2607}"
EndProject
Project("{FAE04EC0-301F-11D3-BF4B-00C04F79EFBC}") = "AgentPortalApiGateway", "AgentPortalApiGateway\AgentPortalApiGateway.csproj", "{8BDED974-C717-428C-D7B1-F1A2AF4831F1}"
EndProject
Project("{FAE04EC0-301F-11D3-BF4B-00C04F79EFBC}") = "BlazorWasmClient", "BlazorWasmClient\BlazorWasmClient.csproj", "{8F4F382E-0D66-134B-BD47-51268FCFBA19}"
EndProject
Project("{FAE04EC0-301F-11D3-BF4B-00C04F79EFBC}") = "ChatService", "ChatService\ChatService.csproj", "{AC1CD003-DC72-C90D-BDA0-207A89E186BC}"
EndProject
Project("{FAE04EC0-301F-11D3-BF4B-00C04F79EFBC}") = "ChatService.Api", "ChatService.Api\ChatService.Api.csproj", "{BCB534B7-739E-96EC-BFCE-5D5A7A12A36F}"
EndProject
Project("{FAE04EC0-301F-11D3-BF4B-00C04F79EFBC}") = "AuthService", "AuthService\AuthService.csproj", "{6CDAB7B3-DE4F-6FF5-06F0-D824F083F1AF}"
EndProject
Project("{2150E333-8FDC-42A3-9474-1A3956D46DE8}") = "DashboardService", "DashboardService", "{BD3EBCE1-6B1F-428A-99AE-B7CF89405595}"
EndProject
Project("{FAE04EC0-301F-11D3-BF4B-00C04F79EFBC}") = "DashboardService.Test", "DashboardService.Test\DashboardService.Test.csproj", "{97651EA6-1D21-3D5D-8AD0-AABA198F3CC9}"
EndProject
Project("{FAE04EC0-301F-11D3-BF4B-00C04F79EFBC}") = "DashboardService.Api", "DashboardService.Api\DashboardService.Api.csproj", "{A039143E-4A2A-DD22-EC03-771879B0D08A}"
EndProject
Project("{FAE04EC0-301F-11D3-BF4B-00C04F79EFBC}") = "DashboardService", "DashboardService\DashboardService.csproj", "{EDE85D92-590F-3D65-5534-7D3948744F78}"
EndProject
Project("{FAE04EC0-301F-11D3-BF4B-00C04F79EFBC}") = "ProductService.Domain", "ProductService.Domain\ProductService.Domain.csproj", "{7BCC2657-039F-43F0-9D6D-1B07835AC32F}"
EndProject
Project("{E24C65DC-7377-472B-9ABA-BC803B73C61A}") = "eureka-server", "eureka-server\", "{E97AA169-5906-9560-1805-7FE7597C83BB}"
	ProjectSection(WebsiteProperties) = preProject
		TargetFrameworkMoniker = ".NETFramework,Version%3Dv4.8"
		Debug.AspNetCompiler.VirtualPath = "/localhost_61925"
		Debug.AspNetCompiler.PhysicalPath = "eureka-server\"
		Debug.AspNetCompiler.TargetPath = "PrecompiledWeb\localhost_61925\"
		Debug.AspNetCompiler.Updateable = "true"
		Debug.AspNetCompiler.ForceOverwrite = "true"
		Debug.AspNetCompiler.FixedNames = "false"
		Debug.AspNetCompiler.Debug = "True"
		Release.AspNetCompiler.VirtualPath = "/localhost_61925"
		Release.AspNetCompiler.PhysicalPath = "eureka-server\"
		Release.AspNetCompiler.TargetPath = "PrecompiledWeb\localhost_61925\"
		Release.AspNetCompiler.Updateable = "true"
		Release.AspNetCompiler.ForceOverwrite = "true"
		Release.AspNetCompiler.FixedNames = "false"
		Release.AspNetCompiler.Debug = "False"
		VWDPort = "61925"
		SlnRelativePath = "eureka-server\"
	EndProjectSection
EndProject
Project("{FAE04EC0-301F-11D3-BF4B-00C04F79EFBC}") = "PaymentService.Api", "PaymentService.Api\PaymentService.Api.csproj", "{D23C3245-50E8-014D-414F-8DE5873F3DB6}"
EndProject
Project("{FAE04EC0-301F-11D3-BF4B-00C04F79EFBC}") = "PaymentService.Test", "PaymentService.Test\PaymentService.Test.csproj", "{E51C7E77-318E-9383-5070-24E8B08C8DA8}"
EndProject
Project("{FAE04EC0-301F-11D3-BF4B-00C04F79EFBC}") = "PaymentService", "PaymentService\PaymentService.csproj", "{7DDA886F-7022-E231-A5D2-8BDF0FBB44D6}"
EndProject
Project("{FAE04EC0-301F-11D3-BF4B-00C04F79EFBC}") = "ProductService.Api", "ProductService.Api\ProductService.Api.csproj", "{948B931E-367A-A688-41D9-22F99794D491}"
EndProject
Project("{FAE04EC0-301F-11D3-BF4B-00C04F79EFBC}") = "ProductService", "ProductService\ProductService.csproj", "{6BB5A0E4-A3ED-EBD8-B86F-21996AABC09A}"
EndProject
Project("{FAE04EC0-301F-11D3-BF4B-00C04F79EFBC}") = "ProductService.Test", "ProductService.Test\ProductService.Test.csproj", "{6D66FB2E-78BC-2590-8478-7EE7A290EBD1}"
EndProject
Project("{FAE04EC0-301F-11D3-BF4B-00C04F79EFBC}") = "DocumentService", "DocumentService\DocumentService.csproj", "{22FB5245-91C4-7667-B958-D27495A38CBD}"
EndProject
Global
	GlobalSection(SolutionConfigurationPlatforms) = preSolution
		Debug|Any CPU = Debug|Any CPU
		Release|Any CPU = Release|Any CPU
	EndGlobalSection
	GlobalSection(ProjectConfigurationPlatforms) = postSolution
		{1D5E776C-EC67-4BB1-9C66-A09240A6BCED}.Debug|Any CPU.ActiveCfg = Debug|Any CPU
		{1D5E776C-EC67-4BB1-9C66-A09240A6BCED}.Debug|Any CPU.Build.0 = Debug|Any CPU
		{1D5E776C-EC67-4BB1-9C66-A09240A6BCED}.Release|Any CPU.ActiveCfg = Release|Any CPU
		{1D5E776C-EC67-4BB1-9C66-A09240A6BCED}.Release|Any CPU.Build.0 = Release|Any CPU
		{EC318EB8-4229-482F-85B5-CB2D96ADF191}.Debug|Any CPU.ActiveCfg = Debug|Any CPU
		{EC318EB8-4229-482F-85B5-CB2D96ADF191}.Debug|Any CPU.Build.0 = Debug|Any CPU
		{EC318EB8-4229-482F-85B5-CB2D96ADF191}.Release|Any CPU.ActiveCfg = Release|Any CPU
		{EC318EB8-4229-482F-85B5-CB2D96ADF191}.Release|Any CPU.Build.0 = Release|Any CPU
		{5AD86954-6190-402F-816D-81EA7746F473}.Debug|Any CPU.ActiveCfg = Debug|Any CPU
		{5AD86954-6190-402F-816D-81EA7746F473}.Debug|Any CPU.Build.0 = Debug|Any CPU
		{5AD86954-6190-402F-816D-81EA7746F473}.Release|Any CPU.ActiveCfg = Release|Any CPU
		{5AD86954-6190-402F-816D-81EA7746F473}.Release|Any CPU.Build.0 = Release|Any CPU
		{AC08CE41-7ADF-44A7-B1DB-D81A95FB06C7}.Debug|Any CPU.ActiveCfg = Debug|Any CPU
		{AC08CE41-7ADF-44A7-B1DB-D81A95FB06C7}.Debug|Any CPU.Build.0 = Debug|Any CPU
		{AC08CE41-7ADF-44A7-B1DB-D81A95FB06C7}.Release|Any CPU.ActiveCfg = Release|Any CPU
		{AC08CE41-7ADF-44A7-B1DB-D81A95FB06C7}.Release|Any CPU.Build.0 = Release|Any CPU
		{18A1A495-9280-493E-B1F8-01BFDF933DA6}.Debug|Any CPU.ActiveCfg = Debug|Any CPU
		{18A1A495-9280-493E-B1F8-01BFDF933DA6}.Debug|Any CPU.Build.0 = Debug|Any CPU
		{18A1A495-9280-493E-B1F8-01BFDF933DA6}.Release|Any CPU.ActiveCfg = Release|Any CPU
		{18A1A495-9280-493E-B1F8-01BFDF933DA6}.Release|Any CPU.Build.0 = Release|Any CPU
		{5679669D-0398-4694-AC3E-CE012DB8D0CB}.Debug|Any CPU.ActiveCfg = Debug|Any CPU
		{5679669D-0398-4694-AC3E-CE012DB8D0CB}.Debug|Any CPU.Build.0 = Debug|Any CPU
		{5679669D-0398-4694-AC3E-CE012DB8D0CB}.Release|Any CPU.ActiveCfg = Release|Any CPU
		{5679669D-0398-4694-AC3E-CE012DB8D0CB}.Release|Any CPU.Build.0 = Release|Any CPU
		{D814DB26-2578-4260-928E-60B785599723}.Debug|Any CPU.ActiveCfg = Debug|Any CPU
		{D814DB26-2578-4260-928E-60B785599723}.Debug|Any CPU.Build.0 = Debug|Any CPU
		{D814DB26-2578-4260-928E-60B785599723}.Release|Any CPU.ActiveCfg = Release|Any CPU
		{D814DB26-2578-4260-928E-60B785599723}.Release|Any CPU.Build.0 = Release|Any CPU
		{B884FD5B-FB09-43F4-AADC-B507B7D14283}.Debug|Any CPU.ActiveCfg = Debug|Any CPU
		{B884FD5B-FB09-43F4-AADC-B507B7D14283}.Debug|Any CPU.Build.0 = Debug|Any CPU
		{B884FD5B-FB09-43F4-AADC-B507B7D14283}.Release|Any CPU.ActiveCfg = Release|Any CPU
		{B884FD5B-FB09-43F4-AADC-B507B7D14283}.Release|Any CPU.Build.0 = Release|Any CPU
		{A9807B56-ABAE-FC54-E455-F6F1CAEFB532}.Debug|Any CPU.ActiveCfg = Debug|Any CPU
		{A9807B56-ABAE-FC54-E455-F6F1CAEFB532}.Release|Any CPU.ActiveCfg = Debug|Any CPU
		{A9807B56-ABAE-FC54-E455-F6F1CAEFB532}.Release|Any CPU.Build.0 = Debug|Any CPU
		{19CD0B31-CDBA-7499-6B78-B3699FA91985}.Debug|Any CPU.ActiveCfg = Debug|Any CPU
		{19CD0B31-CDBA-7499-6B78-B3699FA91985}.Debug|Any CPU.Build.0 = Debug|Any CPU
		{19CD0B31-CDBA-7499-6B78-B3699FA91985}.Release|Any CPU.ActiveCfg = Debug|Any CPU
		{19CD0B31-CDBA-7499-6B78-B3699FA91985}.Release|Any CPU.Build.0 = Debug|Any CPU
		{25FFA9DB-EDB2-AF0D-08AD-F27526313D17}.Debug|Any CPU.ActiveCfg = Debug|Any CPU
		{25FFA9DB-EDB2-AF0D-08AD-F27526313D17}.Debug|Any CPU.Build.0 = Debug|Any CPU
		{25FFA9DB-EDB2-AF0D-08AD-F27526313D17}.Release|Any CPU.ActiveCfg = Release|Any CPU
		{25FFA9DB-EDB2-AF0D-08AD-F27526313D17}.Release|Any CPU.Build.0 = Release|Any CPU
		{54BADB52-6CD6-94C6-B6FA-E0A7D539B9EF}.Debug|Any CPU.ActiveCfg = Debug|Any CPU
		{54BADB52-6CD6-94C6-B6FA-E0A7D539B9EF}.Debug|Any CPU.Build.0 = Debug|Any CPU
		{54BADB52-6CD6-94C6-B6FA-E0A7D539B9EF}.Release|Any CPU.ActiveCfg = Release|Any CPU
		{54BADB52-6CD6-94C6-B6FA-E0A7D539B9EF}.Release|Any CPU.Build.0 = Release|Any CPU
		{E1BF8FC1-D2FB-B7F7-A0A4-F26308A5148F}.Debug|Any CPU.ActiveCfg = Debug|Any CPU
		{E1BF8FC1-D2FB-B7F7-A0A4-F26308A5148F}.Debug|Any CPU.Build.0 = Debug|Any CPU
		{E1BF8FC1-D2FB-B7F7-A0A4-F26308A5148F}.Release|Any CPU.ActiveCfg = Release|Any CPU
		{E1BF8FC1-D2FB-B7F7-A0A4-F26308A5148F}.Release|Any CPU.Build.0 = Release|Any CPU
		{12E328EC-7DE6-DEF2-A111-1BC5A703BC1F}.Debug|Any CPU.ActiveCfg = Debug|Any CPU
		{12E328EC-7DE6-DEF2-A111-1BC5A703BC1F}.Debug|Any CPU.Build.0 = Debug|Any CPU
		{12E328EC-7DE6-DEF2-A111-1BC5A703BC1F}.Release|Any CPU.ActiveCfg = Release|Any CPU
		{12E328EC-7DE6-DEF2-A111-1BC5A703BC1F}.Release|Any CPU.Build.0 = Release|Any CPU
		{165F78C5-A3D7-B031-BEF7-FA054423AEA6}.Debug|Any CPU.ActiveCfg = Debug|Any CPU
		{165F78C5-A3D7-B031-BEF7-FA054423AEA6}.Debug|Any CPU.Build.0 = Debug|Any CPU
		{165F78C5-A3D7-B031-BEF7-FA054423AEA6}.Release|Any CPU.ActiveCfg = Release|Any CPU
		{165F78C5-A3D7-B031-BEF7-FA054423AEA6}.Release|Any CPU.Build.0 = Release|Any CPU
		{F2359B45-5A76-DAC1-CE22-F700277D1BBA}.Debug|Any CPU.ActiveCfg = Debug|Any CPU
		{F2359B45-5A76-DAC1-CE22-F700277D1BBA}.Debug|Any CPU.Build.0 = Debug|Any CPU
		{F2359B45-5A76-DAC1-CE22-F700277D1BBA}.Release|Any CPU.ActiveCfg = Release|Any CPU
		{F2359B45-5A76-DAC1-CE22-F700277D1BBA}.Release|Any CPU.Build.0 = Release|Any CPU
		{0376ABBC-B0CA-D498-83E2-33A2F4F6182A}.Debug|Any CPU.ActiveCfg = Debug|Any CPU
		{0376ABBC-B0CA-D498-83E2-33A2F4F6182A}.Debug|Any CPU.Build.0 = Debug|Any CPU
		{0376ABBC-B0CA-D498-83E2-33A2F4F6182A}.Release|Any CPU.ActiveCfg = Release|Any CPU
		{0376ABBC-B0CA-D498-83E2-33A2F4F6182A}.Release|Any CPU.Build.0 = Release|Any CPU
		{2C670D3A-0567-C4FA-0C25-33C5B1E3DD09}.Debug|Any CPU.ActiveCfg = Debug|Any CPU
		{2C670D3A-0567-C4FA-0C25-33C5B1E3DD09}.Debug|Any CPU.Build.0 = Debug|Any CPU
		{2C670D3A-0567-C4FA-0C25-33C5B1E3DD09}.Release|Any CPU.ActiveCfg = Release|Any CPU
		{2C670D3A-0567-C4FA-0C25-33C5B1E3DD09}.Release|Any CPU.Build.0 = Release|Any CPU
		{B3E6729F-40CD-2D44-A57D-0F5C044B2607}.Debug|Any CPU.ActiveCfg = Debug|Any CPU
		{B3E6729F-40CD-2D44-A57D-0F5C044B2607}.Debug|Any CPU.Build.0 = Debug|Any CPU
		{B3E6729F-40CD-2D44-A57D-0F5C044B2607}.Release|Any CPU.ActiveCfg = Release|Any CPU
		{B3E6729F-40CD-2D44-A57D-0F5C044B2607}.Release|Any CPU.Build.0 = Release|Any CPU
		{8BDED974-C717-428C-D7B1-F1A2AF4831F1}.Debug|Any CPU.ActiveCfg = Debug|Any CPU
		{8BDED974-C717-428C-D7B1-F1A2AF4831F1}.Debug|Any CPU.Build.0 = Debug|Any CPU
		{8BDED974-C717-428C-D7B1-F1A2AF4831F1}.Release|Any CPU.ActiveCfg = Release|Any CPU
		{8BDED974-C717-428C-D7B1-F1A2AF4831F1}.Release|Any CPU.Build.0 = Release|Any CPU
		{8F4F382E-0D66-134B-BD47-51268FCFBA19}.Debug|Any CPU.ActiveCfg = Debug|Any CPU
		{8F4F382E-0D66-134B-BD47-51268FCFBA19}.Release|Any CPU.ActiveCfg = Release|Any CPU
		{8F4F382E-0D66-134B-BD47-51268FCFBA19}.Release|Any CPU.Build.0 = Release|Any CPU
		{AC1CD003-DC72-C90D-BDA0-207A89E186BC}.Debug|Any CPU.ActiveCfg = Debug|Any CPU
		{AC1CD003-DC72-C90D-BDA0-207A89E186BC}.Debug|Any CPU.Build.0 = Debug|Any CPU
		{AC1CD003-DC72-C90D-BDA0-207A89E186BC}.Release|Any CPU.ActiveCfg = Release|Any CPU
		{AC1CD003-DC72-C90D-BDA0-207A89E186BC}.Release|Any CPU.Build.0 = Release|Any CPU
		{BCB534B7-739E-96EC-BFCE-5D5A7A12A36F}.Debug|Any CPU.ActiveCfg = Debug|Any CPU
		{BCB534B7-739E-96EC-BFCE-5D5A7A12A36F}.Debug|Any CPU.Build.0 = Debug|Any CPU
		{BCB534B7-739E-96EC-BFCE-5D5A7A12A36F}.Release|Any CPU.ActiveCfg = Release|Any CPU
		{BCB534B7-739E-96EC-BFCE-5D5A7A12A36F}.Release|Any CPU.Build.0 = Release|Any CPU
		{6CDAB7B3-DE4F-6FF5-06F0-D824F083F1AF}.Debug|Any CPU.ActiveCfg = Debug|Any CPU
		{6CDAB7B3-DE4F-6FF5-06F0-D824F083F1AF}.Debug|Any CPU.Build.0 = Debug|Any CPU
		{6CDAB7B3-DE4F-6FF5-06F0-D824F083F1AF}.Release|Any CPU.ActiveCfg = Release|Any CPU
		{6CDAB7B3-DE4F-6FF5-06F0-D824F083F1AF}.Release|Any CPU.Build.0 = Release|Any CPU
		{97651EA6-1D21-3D5D-8AD0-AABA198F3CC9}.Debug|Any CPU.ActiveCfg = Debug|Any CPU
		{97651EA6-1D21-3D5D-8AD0-AABA198F3CC9}.Debug|Any CPU.Build.0 = Debug|Any CPU
		{97651EA6-1D21-3D5D-8AD0-AABA198F3CC9}.Release|Any CPU.ActiveCfg = Release|Any CPU
		{97651EA6-1D21-3D5D-8AD0-AABA198F3CC9}.Release|Any CPU.Build.0 = Release|Any CPU
		{A039143E-4A2A-DD22-EC03-771879B0D08A}.Debug|Any CPU.ActiveCfg = Debug|Any CPU
		{A039143E-4A2A-DD22-EC03-771879B0D08A}.Debug|Any CPU.Build.0 = Debug|Any CPU
		{A039143E-4A2A-DD22-EC03-771879B0D08A}.Release|Any CPU.ActiveCfg = Release|Any CPU
		{A039143E-4A2A-DD22-EC03-771879B0D08A}.Release|Any CPU.Build.0 = Release|Any CPU
		{EDE85D92-590F-3D65-5534-7D3948744F78}.Debug|Any CPU.ActiveCfg = Debug|Any CPU
		{EDE85D92-590F-3D65-5534-7D3948744F78}.Debug|Any CPU.Build.0 = Debug|Any CPU
		{EDE85D92-590F-3D65-5534-7D3948744F78}.Release|Any CPU.ActiveCfg = Release|Any CPU
		{EDE85D92-590F-3D65-5534-7D3948744F78}.Release|Any CPU.Build.0 = Release|Any CPU
		{7BCC2657-039F-43F0-9D6D-1B07835AC32F}.Debug|Any CPU.ActiveCfg = Debug|Any CPU
		{7BCC2657-039F-43F0-9D6D-1B07835AC32F}.Debug|Any CPU.Build.0 = Debug|Any CPU
		{7BCC2657-039F-43F0-9D6D-1B07835AC32F}.Release|Any CPU.ActiveCfg = Release|Any CPU
		{7BCC2657-039F-43F0-9D6D-1B07835AC32F}.Release|Any CPU.Build.0 = Release|Any CPU
		{E97AA169-5906-9560-1805-7FE7597C83BB}.Debug|Any CPU.ActiveCfg = Debug|Any CPU
		{E97AA169-5906-9560-1805-7FE7597C83BB}.Debug|Any CPU.Build.0 = Debug|Any CPU
		{E97AA169-5906-9560-1805-7FE7597C83BB}.Release|Any CPU.ActiveCfg = Debug|Any CPU
		{E97AA169-5906-9560-1805-7FE7597C83BB}.Release|Any CPU.Build.0 = Debug|Any CPU
		{D23C3245-50E8-014D-414F-8DE5873F3DB6}.Debug|Any CPU.ActiveCfg = Debug|Any CPU
		{D23C3245-50E8-014D-414F-8DE5873F3DB6}.Debug|Any CPU.Build.0 = Debug|Any CPU
		{D23C3245-50E8-014D-414F-8DE5873F3DB6}.Release|Any CPU.ActiveCfg = Release|Any CPU
		{D23C3245-50E8-014D-414F-8DE5873F3DB6}.Release|Any CPU.Build.0 = Release|Any CPU
		{E51C7E77-318E-9383-5070-24E8B08C8DA8}.Debug|Any CPU.ActiveCfg = Debug|Any CPU
		{E51C7E77-318E-9383-5070-24E8B08C8DA8}.Debug|Any CPU.Build.0 = Debug|Any CPU
		{E51C7E77-318E-9383-5070-24E8B08C8DA8}.Release|Any CPU.ActiveCfg = Release|Any CPU
		{E51C7E77-318E-9383-5070-24E8B08C8DA8}.Release|Any CPU.Build.0 = Release|Any CPU
		{7DDA886F-7022-E231-A5D2-8BDF0FBB44D6}.Debug|Any CPU.ActiveCfg = Debug|Any CPU
		{7DDA886F-7022-E231-A5D2-8BDF0FBB44D6}.Debug|Any CPU.Build.0 = Debug|Any CPU
		{7DDA886F-7022-E231-A5D2-8BDF0FBB44D6}.Release|Any CPU.ActiveCfg = Release|Any CPU
		{7DDA886F-7022-E231-A5D2-8BDF0FBB44D6}.Release|Any CPU.Build.0 = Release|Any CPU
		{948B931E-367A-A688-41D9-22F99794D491}.Debug|Any CPU.ActiveCfg = Debug|Any CPU
		{948B931E-367A-A688-41D9-22F99794D491}.Debug|Any CPU.Build.0 = Debug|Any CPU
		{948B931E-367A-A688-41D9-22F99794D491}.Release|Any CPU.ActiveCfg = Release|Any CPU
		{948B931E-367A-A688-41D9-22F99794D491}.Release|Any CPU.Build.0 = Release|Any CPU
		{6BB5A0E4-A3ED-EBD8-B86F-21996AABC09A}.Debug|Any CPU.ActiveCfg = Debug|Any CPU
		{6BB5A0E4-A3ED-EBD8-B86F-21996AABC09A}.Debug|Any CPU.Build.0 = Debug|Any CPU
		{6BB5A0E4-A3ED-EBD8-B86F-21996AABC09A}.Release|Any CPU.ActiveCfg = Release|Any CPU
		{6BB5A0E4-A3ED-EBD8-B86F-21996AABC09A}.Release|Any CPU.Build.0 = Release|Any CPU
		{6D66FB2E-78BC-2590-8478-7EE7A290EBD1}.Debug|Any CPU.ActiveCfg = Debug|Any CPU
		{6D66FB2E-78BC-2590-8478-7EE7A290EBD1}.Debug|Any CPU.Build.0 = Debug|Any CPU
		{6D66FB2E-78BC-2590-8478-7EE7A290EBD1}.Release|Any CPU.ActiveCfg = Release|Any CPU
		{6D66FB2E-78BC-2590-8478-7EE7A290EBD1}.Release|Any CPU.Build.0 = Release|Any CPU
		{22FB5245-91C4-7667-B958-D27495A38CBD}.Debug|Any CPU.ActiveCfg = Debug|Any CPU
		{22FB5245-91C4-7667-B958-D27495A38CBD}.Debug|Any CPU.Build.0 = Debug|Any CPU
		{22FB5245-91C4-7667-B958-D27495A38CBD}.Release|Any CPU.ActiveCfg = Release|Any CPU
		{22FB5245-91C4-7667-B958-D27495A38CBD}.Release|Any CPU.Build.0 = Release|Any CPU
	EndGlobalSection
	GlobalSection(SolutionProperties) = preSolution
		HideSolutionNode = FALSE
	EndGlobalSection
	GlobalSection(NestedProjects) = preSolution
		{1D5E776C-EC67-4BB1-9C66-A09240A6BCED} = {02EA681E-C7D8-13C7-8484-4AC65E1B71E8}
		{EC318EB8-4229-482F-85B5-CB2D96ADF191} = {02EA681E-C7D8-13C7-8484-4AC65E1B71E8}
		{5AD86954-6190-402F-816D-81EA7746F473} = {3A857F96-9401-41E3-A0FA-87F4250C533E}
		{AC08CE41-7ADF-44A7-B1DB-D81A95FB06C7} = {3A857F96-9401-41E3-A0FA-87F4250C533E}
		{18A1A495-9280-493E-B1F8-01BFDF933DA6} = {3A857F96-9401-41E3-A0FA-87F4250C533E}
		{5679669D-0398-4694-AC3E-CE012DB8D0CB} = {3A857F96-9401-41E3-A0FA-87F4250C533E}
		{B2E900FF-A214-4047-8278-FD5876C8EE7C} = {9617C6F9-70E4-4506-8B99-5803741515F4}
		{B04F6D06-F3F6-4DC6-A49B-E40940D82F0F} = {9617C6F9-70E4-4506-8B99-5803741515F4}
		{8EDE126D-C9F9-4384-BC9F-452DF0C84451} = {9617C6F9-70E4-4506-8B99-5803741515F4}
		{7A02BA7E-8C96-4B7D-A55A-7E24C1F3FD36} = {9617C6F9-70E4-4506-8B99-5803741515F4}
		{9FBB116F-1BCA-486A-961D-FFCBE4D4E8BD} = {9617C6F9-70E4-4506-8B99-5803741515F4}
		{D37992D6-1286-4D1B-A3E2-0A64E5024158} = {9617C6F9-70E4-4506-8B99-5803741515F4}
		{F128218B-FDE8-44A9-A531-939C151CEC47} = {9617C6F9-70E4-4506-8B99-5803741515F4}
		{F7784048-603B-428B-AE23-0C68EC3EAF79} = {9617C6F9-70E4-4506-8B99-5803741515F4}
		{D814DB26-2578-4260-928E-60B785599723} = {F128218B-FDE8-44A9-A531-939C151CEC47}
		{B884FD5B-FB09-43F4-AADC-B507B7D14283} = {F128218B-FDE8-44A9-A531-939C151CEC47}
		{25FFA9DB-EDB2-AF0D-08AD-F27526313D17} = {8EDE126D-C9F9-4384-BC9F-452DF0C84451}
		{54BADB52-6CD6-94C6-B6FA-E0A7D539B9EF} = {8EDE126D-C9F9-4384-BC9F-452DF0C84451}
		{E1BF8FC1-D2FB-B7F7-A0A4-F26308A5148F} = {8EDE126D-C9F9-4384-BC9F-452DF0C84451}
		{12E328EC-7DE6-DEF2-A111-1BC5A703BC1F} = {8EDE126D-C9F9-4384-BC9F-452DF0C84451}
		{165F78C5-A3D7-B031-BEF7-FA054423AEA6} = {7A02BA7E-8C96-4B7D-A55A-7E24C1F3FD36}
		{F2359B45-5A76-DAC1-CE22-F700277D1BBA} = {7A02BA7E-8C96-4B7D-A55A-7E24C1F3FD36}
		{0376ABBC-B0CA-D498-83E2-33A2F4F6182A} = {7A02BA7E-8C96-4B7D-A55A-7E24C1F3FD36}
		{2C670D3A-0567-C4FA-0C25-33C5B1E3DD09} = {9FBB116F-1BCA-486A-961D-FFCBE4D4E8BD}
		{B3E6729F-40CD-2D44-A57D-0F5C044B2607} = {9FBB116F-1BCA-486A-961D-FFCBE4D4E8BD}
		{AC1CD003-DC72-C90D-BDA0-207A89E186BC} = {F7784048-603B-428B-AE23-0C68EC3EAF79}
		{BCB534B7-739E-96EC-BFCE-5D5A7A12A36F} = {F7784048-603B-428B-AE23-0C68EC3EAF79}
		{6CDAB7B3-DE4F-6FF5-06F0-D824F083F1AF} = {B04F6D06-F3F6-4DC6-A49B-E40940D82F0F}
		{BD3EBCE1-6B1F-428A-99AE-B7CF89405595} = {9617C6F9-70E4-4506-8B99-5803741515F4}
		{97651EA6-1D21-3D5D-8AD0-AABA198F3CC9} = {BD3EBCE1-6B1F-428A-99AE-B7CF89405595}
		{A039143E-4A2A-DD22-EC03-771879B0D08A} = {BD3EBCE1-6B1F-428A-99AE-B7CF89405595}
		{EDE85D92-590F-3D65-5534-7D3948744F78} = {BD3EBCE1-6B1F-428A-99AE-B7CF89405595}
		{7BCC2657-039F-43F0-9D6D-1B07835AC32F} = {B2E900FF-A214-4047-8278-FD5876C8EE7C}
		{D23C3245-50E8-014D-414F-8DE5873F3DB6} = {D37992D6-1286-4D1B-A3E2-0A64E5024158}
		{E51C7E77-318E-9383-5070-24E8B08C8DA8} = {D37992D6-1286-4D1B-A3E2-0A64E5024158}
		{7DDA886F-7022-E231-A5D2-8BDF0FBB44D6} = {D37992D6-1286-4D1B-A3E2-0A64E5024158}
		{948B931E-367A-A688-41D9-22F99794D491} = {B2E900FF-A214-4047-8278-FD5876C8EE7C}
		{6BB5A0E4-A3ED-EBD8-B86F-21996AABC09A} = {B2E900FF-A214-4047-8278-FD5876C8EE7C}
		{6D66FB2E-78BC-2590-8478-7EE7A290EBD1} = {B2E900FF-A214-4047-8278-FD5876C8EE7C}
		{22FB5245-91C4-7667-B958-D27495A38CBD} = {F128218B-FDE8-44A9-A531-939C151CEC47}
	EndGlobalSection
	GlobalSection(ExtensibilityGlobals) = postSolution
		SolutionGuid = {C53D43C9-E19E-459E-A452-F7B4FB8D2B69}
	EndGlobalSection
EndGlobal
