
Microsoft Visual Studio Solution File, Format Version 12.00
# Visual Studio Version 17
VisualStudioVersion = 17.13.35931.197
MinimumVisualStudioVersion = 10.0.40219.1
Project("{2150E333-8FDC-42A3-9474-1A3956D46DE8}") = "API Gateways", "API Gateways", "{02EA681E-C7D8-13C7-8484-4AC65E1B71E8}"
EndProject
Project("{2150E333-8FDC-42A3-9474-1A3956D46DE8}") = "BuildingBlocks", "BuildingBlocks", "{3A857F96-9401-41E3-A0FA-87F4250C533E}"
EndProject
Project("{2150E333-8FDC-42A3-9474-1A3956D46DE8}") = "Services", "Services", "{9617C6F9-70E4-4506-8B99-5803741515F4}"
EndProject
Project("{2150E333-8FDC-42A3-9474-1A3956D46DE8}") = "Frontend", "Frontend", "{CD79CF8C-1950-4677-8591-7F8E8F5481DC}"
EndProject
Project("{FAE04EC0-301F-11D3-BF4B-00C04F79EFBC}") = "AgentPortalGateway.Api", "AgentPortalGateway.Api\AgentPortalGateway.Api.csproj", "{1D5E776C-EC67-4BB1-9C66-A09240A6BCED}"
EndProject
Project("{FAE04EC0-301F-11D3-BF4B-00C04F79EFBC}") = "AgentPortalGateway.Test", "AgentPortalGateway.Test\AgentPortalGateway.Test.csproj", "{EC318EB8-4229-482F-85B5-CB2D96ADF191}"
EndProject
Project("{FAE04EC0-301F-11D3-BF4B-00C04F79EFBC}") = "BuildingBlocks.Common", "BuildingBlocks.Common\BuildingBlocks.Common.csproj", "{5AD86954-6190-402F-816D-81EA7746F473}"
EndProject
Project("{FAE04EC0-301F-11D3-BF4B-00C04F79EFBC}") = "BuildingBlocks.EventBus", "BuildingBlocks.EventBus\BuildingBlocks.EventBus.csproj", "{AC08CE41-7ADF-44A7-B1DB-D81A95FB06C7}"
EndProject
Project("{FAE04EC0-301F-11D3-BF4B-00C04F79EFBC}") = "BuildingBlocks.Infrastructure", "BuildingBlocks.Infrastructure\BuildingBlocks.Infrastructure.csproj", "{18A1A495-9280-493E-B1F8-01BFDF933DA6}"
EndProject
Project("{FAE04EC0-301F-11D3-BF4B-00C04F79EFBC}") = "BuildingBlocks.Contracts", "BuildingBlocks.Contracts\BuildingBlocks.Contracts.csproj", "{5679669D-0398-4694-AC3E-CE012DB8D0CB}"
EndProject
Project("{2150E333-8FDC-42A3-9474-1A3956D46DE8}") = "ProductService", "ProductService", "{B2E900FF-A214-4047-8278-FD5876C8EE7C}"
EndProject
Project("{FAE04EC0-301F-11D3-BF4B-00C04F79EFBC}") = "ProductService.Implementation", "ProductService.Api\ProductService.Implementation.csproj", "{144E91A3-9824-420A-8C03-ADB3E2544373}"
EndProject
Project("{2150E333-8FDC-42A3-9474-1A3956D46DE8}") = "AuthService", "AuthService", "{B04F6D06-F3F6-4DC6-A49B-E40940D82F0F}"
EndProject
Project("{2150E333-8FDC-42A3-9474-1A3956D46DE8}") = "PricingService", "PricingService", "{8EDE126D-C9F9-4384-BC9F-452DF0C84451}"
EndProject
Project("{2150E333-8FDC-42A3-9474-1A3956D46DE8}") = "PolicyService", "PolicyService", "{7A02BA7E-8C96-4B7D-A55A-7E24C1F3FD36}"
EndProject
Project("{2150E333-8FDC-42A3-9474-1A3956D46DE8}") = "PolicySearchService", "PolicySearchService", "{9FBB116F-1BCA-486A-961D-FFCBE4D4E8BD}"
EndProject
Project("{2150E333-8FDC-42A3-9474-1A3956D46DE8}") = "PaymentService", "PaymentService", "{D37992D6-1286-4D1B-A3E2-0A64E5024158}"
EndProject
Project("{2150E333-8FDC-42A3-9474-1A3956D46DE8}") = "DocumentService", "DocumentService", "{F128218B-FDE8-44A9-A531-939C151CEC47}"
EndProject
Project("{2150E333-8FDC-42A3-9474-1A3956D46DE8}") = "ChatService", "ChatService", "{F7784048-603B-428B-AE23-0C68EC3EAF79}"
EndProject
Project("{FAE04EC0-301F-11D3-BF4B-00C04F79EFBC}") = "ProductService.Api", "ProductService.Implementation\ProductService.Api.csproj", "{56626645-F377-46C1-B6C9-848D9CD1EE6B}"
EndProject
Project("{FAE04EC0-301F-11D3-BF4B-00C04F79EFBC}") = "ProductService.Test", "ProductService.Test\ProductService.Test.csproj", "{EE15901E-3A7D-4346-BEAE-B4EDDECB4922}"
EndProject
Project("{FAE04EC0-301F-11D3-BF4B-00C04F79EFBC}") = "PaymentService.Implementation", "PaymentService.Api\PaymentService.Implementation.csproj", "{AB5C77ED-01BA-40B6-80BB-F44F3365AAD4}"
EndProject
Project("{FAE04EC0-301F-11D3-BF4B-00C04F79EFBC}") = "PaymentService.Test", "PaymentService.Test\PaymentService.Test.csproj", "{A817D73A-E9FF-4BDB-9B35-63CFD16BD064}"
EndProject
Project("{FAE04EC0-301F-11D3-BF4B-00C04F79EFBC}") = "PaymentService.Api", "PaymentService.Implementation\PaymentService.Api.csproj", "{0DA51133-0157-4D50-98DB-0DADD3207771}"
EndProject
Project("{FAE04EC0-301F-11D3-BF4B-00C04F79EFBC}") = "DocumentService.Test", "DocumentService.Test\DocumentService.Test.csproj", "{D814DB26-2578-4260-928E-60B785599723}"
EndProject
Project("{FAE04EC0-301F-11D3-BF4B-00C04F79EFBC}") = "ChatService.Implementation", "ChatService.Api\ChatService.Implementation.csproj", "{71B465DD-6FBE-4DFF-B849-24662A86BC64}"
EndProject
Project("{FAE04EC0-301F-11D3-BF4B-00C04F79EFBC}") = "ChatService.Test", "ChatService.Test\ChatService.Test.csproj", "{F8D6AC01-88E8-4481-BEB4-E6D232F7D75B}"
EndProject
Project("{FAE04EC0-301F-11D3-BF4B-00C04F79EFBC}") = "ChatService.Api", "ChatService.Implementation\ChatService.Api.csproj", "{E95B41C0-47AE-43FF-AF34-5A897C80D3D4}"
EndProject
Project("{FAE04EC0-301F-11D3-BF4B-00C04F79EFBC}") = "AuthService.Implementation", "AuthService.Api\AuthService.Implementation.csproj", "{DABBBD99-04C0-4DE5-AAF4-87EDA0655391}"
EndProject
Project("{FAE04EC0-301F-11D3-BF4B-00C04F79EFBC}") = "AuthService.Test", "AuthService.Test\AuthService.Test.csproj", "{83EE2FEB-0D0A-4552-8574-C20550B14197}"
EndProject
Project("{FAE04EC0-301F-11D3-BF4B-00C04F79EFBC}") = "AuthService.Api", "AuthService.Implementation\AuthService.Api.csproj", "{6CBB6052-6516-4ADE-846E-2C337974244A}"
EndProject
Project("{FAE04EC0-301F-11D3-BF4B-00C04F79EFBC}") = "DocumentService.Api", "DocumentService.Api\DocumentService.Api.csproj", "{B884FD5B-FB09-43F4-AADC-B507B7D14283}"
EndProject
Project("{FAE04EC0-301F-11D3-BF4B-00C04F79EFBC}") = "DocumentService.Implementation", "DocumentService.Implementation\DocumentService.Implementation.csproj", "{357018B8-4AEE-4C9E-9136-B06219360F89}"
EndProject
Project("{FAE04EC0-301F-11D3-BF4B-00C04F79EFBC}") = "BlazorWasmClient", "..\..\..\Downloads\HH\BlazorWasmClient\BlazorWasmClient.csproj", "{B9193A99-F440-8282-1A90-1232F9AF6C0C}"
EndProject
Project("{E24C65DC-7377-472B-9ABA-BC803B73C61A}") = "eureka-server", "eureka-server\", "{E97AA169-5906-9560-1805-7FE7597C83BB}"
	ProjectSection(WebsiteProperties) = preProject
		TargetFrameworkMoniker = ".NETFramework,Version%3Dv4.8"
		Debug.AspNetCompiler.VirtualPath = "/localhost_61925"
		Debug.AspNetCompiler.PhysicalPath = "eureka-server\"
		Debug.AspNetCompiler.TargetPath = "PrecompiledWeb\localhost_61925\"
		Debug.AspNetCompiler.Updateable = "true"
		Debug.AspNetCompiler.ForceOverwrite = "true"
		Debug.AspNetCompiler.FixedNames = "false"
		Debug.AspNetCompiler.Debug = "True"
		Release.AspNetCompiler.VirtualPath = "/localhost_61925"
		Release.AspNetCompiler.PhysicalPath = "eureka-server\"
		Release.AspNetCompiler.TargetPath = "PrecompiledWeb\localhost_61925\"
		Release.AspNetCompiler.Updateable = "true"
		Release.AspNetCompiler.ForceOverwrite = "true"
		Release.AspNetCompiler.FixedNames = "false"
		Release.AspNetCompiler.Debug = "False"
		VWDPort = "61925"
		SlnRelativePath = "eureka-server\"
	EndProjectSection
EndProject
Project("{E24C65DC-7377-472B-9ABA-BC803B73C61A}") = "Web", "Web\", "{A9807B56-ABAE-FC54-E455-F6F1CAEFB532}"
	ProjectSection(WebsiteProperties) = preProject
		TargetFrameworkMoniker = ".NETFramework,Version%3Dv4.8"
		Debug.AspNetCompiler.VirtualPath = "/localhost_63159"
		Debug.AspNetCompiler.PhysicalPath = "Web\"
		Debug.AspNetCompiler.TargetPath = "PrecompiledWeb\localhost_63159\"
		Debug.AspNetCompiler.Updateable = "true"
		Debug.AspNetCompiler.ForceOverwrite = "true"
		Debug.AspNetCompiler.FixedNames = "false"
		Debug.AspNetCompiler.Debug = "True"
		Release.AspNetCompiler.VirtualPath = "/localhost_63159"
		Release.AspNetCompiler.PhysicalPath = "Web\"
		Release.AspNetCompiler.TargetPath = "PrecompiledWeb\localhost_63159\"
		Release.AspNetCompiler.Updateable = "true"
		Release.AspNetCompiler.ForceOverwrite = "true"
		Release.AspNetCompiler.FixedNames = "false"
		Release.AspNetCompiler.Debug = "False"
		VWDPort = "63159"
		SlnRelativePath = "Web\"
	EndProjectSection
EndProject
Project("{E24C65DC-7377-472B-9ABA-BC803B73C61A}") = "scripts", "scripts\", "{19CD0B31-CDBA-7499-6B78-B3699FA91985}"
	ProjectSection(WebsiteProperties) = preProject
		TargetFrameworkMoniker = ".NETFramework,Version%3Dv4.8"
		Debug.AspNetCompiler.VirtualPath = "/localhost_63182"
		Debug.AspNetCompiler.PhysicalPath = "scripts\"
		Debug.AspNetCompiler.TargetPath = "PrecompiledWeb\localhost_63182\"
		Debug.AspNetCompiler.Updateable = "true"
		Debug.AspNetCompiler.ForceOverwrite = "true"
		Debug.AspNetCompiler.FixedNames = "false"
		Debug.AspNetCompiler.Debug = "True"
		Release.AspNetCompiler.VirtualPath = "/localhost_63182"
		Release.AspNetCompiler.PhysicalPath = "scripts\"
		Release.AspNetCompiler.TargetPath = "PrecompiledWeb\localhost_63182\"
		Release.AspNetCompiler.Updateable = "true"
		Release.AspNetCompiler.ForceOverwrite = "true"
		Release.AspNetCompiler.FixedNames = "false"
		Release.AspNetCompiler.Debug = "False"
		VWDPort = "63182"
		SlnRelativePath = "scripts\"
	EndProjectSection
EndProject
Project("{2150E333-8FDC-42A3-9474-1A3956D46DE8}") = "postgres", "postgres", "{3D89768D-66F1-4088-A04B-E913D03CD93C}"
	ProjectSection(SolutionItems) = preProject
		..\..\..\Downloads\HH\postgres\createdatabases.sql = ..\..\..\Downloads\HH\postgres\createdatabases.sql
		..\..\..\Downloads\HH\postgres\Dockerfile = ..\..\..\Downloads\HH\postgres\Dockerfile
	EndProjectSection
EndProject
Project("{FAE04EC0-301F-11D3-BF4B-00C04F79EFBC}") = "AgentPortalApiGateway", "..\..\..\Downloads\HH\AgentPortalApiGateway\AgentPortalApiGateway.csproj", "{07FDEA1A-951E-B63E-61B1-5C290EC877AE}"
EndProject
Project("{FAE04EC0-301F-11D3-BF4B-00C04F79EFBC}") = "PricingService", "D:\DangHoangHai_cautrucdulieuvagiaithuat\PricingService\PricingService.csproj", "{C850031A-5EAC-A3C7-B2CE-02C4820F25DE}"
EndProject
Project("{FAE04EC0-301F-11D3-BF4B-00C04F79EFBC}") = "PricingService.Api", "D:\DangHoangHai_cautrucdulieuvagiaithuat\PricingService.Api\PricingService.Api.csproj", "{00870BE9-4D65-0D75-73AB-6FCCDC775BBF}"
EndProject
Project("{FAE04EC0-301F-11D3-BF4B-00C04F79EFBC}") = "PricingService.IntegrationTest", "D:\DangHoangHai_cautrucdulieuvagiaithuat\PricingService.IntegrationTest\PricingService.IntegrationTest.csproj", "{E885DF01-D35B-4F03-F095-42F28A9B0694}"
EndProject
Project("{FAE04EC0-301F-11D3-BF4B-00C04F79EFBC}") = "PricingService.Test", "D:\DangHoangHai_cautrucdulieuvagiaithuat\PricingService.Test\PricingService.Test.csproj", "{FFC410FC-CE4A-F7F4-25F0-4C586274C387}"
EndProject
Project("{FAE04EC0-301F-11D3-BF4B-00C04F79EFBC}") = "PolicySearchService", "D:\DangHoangHai_cautrucdulieuvagiaithuat\lab3new\PolicySearchService\PolicySearchService.csproj", "{9DBAE9DA-E466-4180-9D6D-21598F41B798}"
EndProject
Project("{FAE04EC0-301F-11D3-BF4B-00C04F79EFBC}") = "PolicySearchService.Api", "D:\DangHoangHai_cautrucdulieuvagiaithuat\lab3new\PolicySearchService.Api\PolicySearchService.Api.csproj", "{288CD40A-0D39-B13E-D6A7-40FEA9957364}"
EndProject
Project("{FAE04EC0-301F-11D3-BF4B-00C04F79EFBC}") = "PolicyService", "D:\DangHoangHai_cautrucdulieuvagiaithuat\lab3new\PolicyService\PolicyService.csproj", "{46677D81-7C4D-36BB-1C92-418FEB40E24B}"
EndProject
Project("{FAE04EC0-301F-11D3-BF4B-00C04F79EFBC}") = "PolicyService.Api", "D:\DangHoangHai_cautrucdulieuvagiaithuat\lab3new\PolicyService.Api\PolicyService.Api.csproj", "{9CD7AA12-A73D-246B-3046-AE4BD5CD27FD}"
EndProject
Project("{FAE04EC0-301F-11D3-BF4B-00C04F79EFBC}") = "PolicyService.Test", "D:\DangHoangHai_cautrucdulieuvagiaithuat\lab3new\PolicyService.Test\PolicyService.Test.csproj", "{F199AD7A-814B-1DCE-477A-A0A55861F0EE}"
EndProject
Global
	GlobalSection(SolutionConfigurationPlatforms) = preSolution
		Debug|Any CPU = Debug|Any CPU
		Release|Any CPU = Release|Any CPU
	EndGlobalSection
	GlobalSection(ProjectConfigurationPlatforms) = postSolution
		{1D5E776C-EC67-4BB1-9C66-A09240A6BCED}.Debug|Any CPU.ActiveCfg = Debug|Any CPU
		{1D5E776C-EC67-4BB1-9C66-A09240A6BCED}.Debug|Any CPU.Build.0 = Debug|Any CPU
		{1D5E776C-EC67-4BB1-9C66-A09240A6BCED}.Release|Any CPU.ActiveCfg = Release|Any CPU
		{1D5E776C-EC67-4BB1-9C66-A09240A6BCED}.Release|Any CPU.Build.0 = Release|Any CPU
		{EC318EB8-4229-482F-85B5-CB2D96ADF191}.Debug|Any CPU.ActiveCfg = Debug|Any CPU
		{EC318EB8-4229-482F-85B5-CB2D96ADF191}.Debug|Any CPU.Build.0 = Debug|Any CPU
		{EC318EB8-4229-482F-85B5-CB2D96ADF191}.Release|Any CPU.ActiveCfg = Release|Any CPU
		{EC318EB8-4229-482F-85B5-CB2D96ADF191}.Release|Any CPU.Build.0 = Release|Any CPU
		{5AD86954-6190-402F-816D-81EA7746F473}.Debug|Any CPU.ActiveCfg = Debug|Any CPU
		{5AD86954-6190-402F-816D-81EA7746F473}.Debug|Any CPU.Build.0 = Debug|Any CPU
		{5AD86954-6190-402F-816D-81EA7746F473}.Release|Any CPU.ActiveCfg = Release|Any CPU
		{5AD86954-6190-402F-816D-81EA7746F473}.Release|Any CPU.Build.0 = Release|Any CPU
		{AC08CE41-7ADF-44A7-B1DB-D81A95FB06C7}.Debug|Any CPU.ActiveCfg = Debug|Any CPU
		{AC08CE41-7ADF-44A7-B1DB-D81A95FB06C7}.Debug|Any CPU.Build.0 = Debug|Any CPU
		{AC08CE41-7ADF-44A7-B1DB-D81A95FB06C7}.Release|Any CPU.ActiveCfg = Release|Any CPU
		{AC08CE41-7ADF-44A7-B1DB-D81A95FB06C7}.Release|Any CPU.Build.0 = Release|Any CPU
		{18A1A495-9280-493E-B1F8-01BFDF933DA6}.Debug|Any CPU.ActiveCfg = Debug|Any CPU
		{18A1A495-9280-493E-B1F8-01BFDF933DA6}.Debug|Any CPU.Build.0 = Debug|Any CPU
		{18A1A495-9280-493E-B1F8-01BFDF933DA6}.Release|Any CPU.ActiveCfg = Release|Any CPU
		{18A1A495-9280-493E-B1F8-01BFDF933DA6}.Release|Any CPU.Build.0 = Release|Any CPU
		{5679669D-0398-4694-AC3E-CE012DB8D0CB}.Debug|Any CPU.ActiveCfg = Debug|Any CPU
		{5679669D-0398-4694-AC3E-CE012DB8D0CB}.Debug|Any CPU.Build.0 = Debug|Any CPU
		{5679669D-0398-4694-AC3E-CE012DB8D0CB}.Release|Any CPU.ActiveCfg = Release|Any CPU
		{5679669D-0398-4694-AC3E-CE012DB8D0CB}.Release|Any CPU.Build.0 = Release|Any CPU
		{144E91A3-9824-420A-8C03-ADB3E2544373}.Debug|Any CPU.ActiveCfg = Debug|Any CPU
		{144E91A3-9824-420A-8C03-ADB3E2544373}.Debug|Any CPU.Build.0 = Debug|Any CPU
		{144E91A3-9824-420A-8C03-ADB3E2544373}.Release|Any CPU.ActiveCfg = Release|Any CPU
		{144E91A3-9824-420A-8C03-ADB3E2544373}.Release|Any CPU.Build.0 = Release|Any CPU
		{56626645-F377-46C1-B6C9-848D9CD1EE6B}.Debug|Any CPU.ActiveCfg = Debug|Any CPU
		{56626645-F377-46C1-B6C9-848D9CD1EE6B}.Debug|Any CPU.Build.0 = Debug|Any CPU
		{56626645-F377-46C1-B6C9-848D9CD1EE6B}.Release|Any CPU.ActiveCfg = Release|Any CPU
		{56626645-F377-46C1-B6C9-848D9CD1EE6B}.Release|Any CPU.Build.0 = Release|Any CPU
		{EE15901E-3A7D-4346-BEAE-B4EDDECB4922}.Debug|Any CPU.ActiveCfg = Debug|Any CPU
		{EE15901E-3A7D-4346-BEAE-B4EDDECB4922}.Debug|Any CPU.Build.0 = Debug|Any CPU
		{EE15901E-3A7D-4346-BEAE-B4EDDECB4922}.Release|Any CPU.ActiveCfg = Release|Any CPU
		{EE15901E-3A7D-4346-BEAE-B4EDDECB4922}.Release|Any CPU.Build.0 = Release|Any CPU
		{AB5C77ED-01BA-40B6-80BB-F44F3365AAD4}.Debug|Any CPU.ActiveCfg = Debug|Any CPU
		{AB5C77ED-01BA-40B6-80BB-F44F3365AAD4}.Debug|Any CPU.Build.0 = Debug|Any CPU
		{AB5C77ED-01BA-40B6-80BB-F44F3365AAD4}.Release|Any CPU.ActiveCfg = Release|Any CPU
		{AB5C77ED-01BA-40B6-80BB-F44F3365AAD4}.Release|Any CPU.Build.0 = Release|Any CPU
		{A817D73A-E9FF-4BDB-9B35-63CFD16BD064}.Debug|Any CPU.ActiveCfg = Debug|Any CPU
		{A817D73A-E9FF-4BDB-9B35-63CFD16BD064}.Debug|Any CPU.Build.0 = Debug|Any CPU
		{A817D73A-E9FF-4BDB-9B35-63CFD16BD064}.Release|Any CPU.ActiveCfg = Release|Any CPU
		{A817D73A-E9FF-4BDB-9B35-63CFD16BD064}.Release|Any CPU.Build.0 = Release|Any CPU
		{0DA51133-0157-4D50-98DB-0DADD3207771}.Debug|Any CPU.ActiveCfg = Debug|Any CPU
		{0DA51133-0157-4D50-98DB-0DADD3207771}.Debug|Any CPU.Build.0 = Debug|Any CPU
		{0DA51133-0157-4D50-98DB-0DADD3207771}.Release|Any CPU.ActiveCfg = Release|Any CPU
		{0DA51133-0157-4D50-98DB-0DADD3207771}.Release|Any CPU.Build.0 = Release|Any CPU
		{D814DB26-2578-4260-928E-60B785599723}.Debug|Any CPU.ActiveCfg = Debug|Any CPU
		{D814DB26-2578-4260-928E-60B785599723}.Debug|Any CPU.Build.0 = Debug|Any CPU
		{D814DB26-2578-4260-928E-60B785599723}.Release|Any CPU.ActiveCfg = Release|Any CPU
		{D814DB26-2578-4260-928E-60B785599723}.Release|Any CPU.Build.0 = Release|Any CPU
		{71B465DD-6FBE-4DFF-B849-24662A86BC64}.Debug|Any CPU.ActiveCfg = Debug|Any CPU
		{71B465DD-6FBE-4DFF-B849-24662A86BC64}.Debug|Any CPU.Build.0 = Debug|Any CPU
		{71B465DD-6FBE-4DFF-B849-24662A86BC64}.Release|Any CPU.ActiveCfg = Release|Any CPU
		{71B465DD-6FBE-4DFF-B849-24662A86BC64}.Release|Any CPU.Build.0 = Release|Any CPU
		{F8D6AC01-88E8-4481-BEB4-E6D232F7D75B}.Debug|Any CPU.ActiveCfg = Debug|Any CPU
		{F8D6AC01-88E8-4481-BEB4-E6D232F7D75B}.Debug|Any CPU.Build.0 = Debug|Any CPU
		{F8D6AC01-88E8-4481-BEB4-E6D232F7D75B}.Release|Any CPU.ActiveCfg = Release|Any CPU
		{F8D6AC01-88E8-4481-BEB4-E6D232F7D75B}.Release|Any CPU.Build.0 = Release|Any CPU
		{E95B41C0-47AE-43FF-AF34-5A897C80D3D4}.Debug|Any CPU.ActiveCfg = Debug|Any CPU
		{E95B41C0-47AE-43FF-AF34-5A897C80D3D4}.Debug|Any CPU.Build.0 = Debug|Any CPU
		{E95B41C0-47AE-43FF-AF34-5A897C80D3D4}.Release|Any CPU.ActiveCfg = Release|Any CPU
		{E95B41C0-47AE-43FF-AF34-5A897C80D3D4}.Release|Any CPU.Build.0 = Release|Any CPU
		{DABBBD99-04C0-4DE5-AAF4-87EDA0655391}.Debug|Any CPU.ActiveCfg = Debug|Any CPU
		{DABBBD99-04C0-4DE5-AAF4-87EDA0655391}.Debug|Any CPU.Build.0 = Debug|Any CPU
		{DABBBD99-04C0-4DE5-AAF4-87EDA0655391}.Release|Any CPU.ActiveCfg = Release|Any CPU
		{DABBBD99-04C0-4DE5-AAF4-87EDA0655391}.Release|Any CPU.Build.0 = Release|Any CPU
		{83EE2FEB-0D0A-4552-8574-C20550B14197}.Debug|Any CPU.ActiveCfg = Debug|Any CPU
		{83EE2FEB-0D0A-4552-8574-C20550B14197}.Debug|Any CPU.Build.0 = Debug|Any CPU
		{83EE2FEB-0D0A-4552-8574-C20550B14197}.Release|Any CPU.ActiveCfg = Release|Any CPU
		{83EE2FEB-0D0A-4552-8574-C20550B14197}.Release|Any CPU.Build.0 = Release|Any CPU
		{6CBB6052-6516-4ADE-846E-2C337974244A}.Debug|Any CPU.ActiveCfg = Debug|Any CPU
		{6CBB6052-6516-4ADE-846E-2C337974244A}.Debug|Any CPU.Build.0 = Debug|Any CPU
		{6CBB6052-6516-4ADE-846E-2C337974244A}.Release|Any CPU.ActiveCfg = Release|Any CPU
		{6CBB6052-6516-4ADE-846E-2C337974244A}.Release|Any CPU.Build.0 = Release|Any CPU
		{B884FD5B-FB09-43F4-AADC-B507B7D14283}.Debug|Any CPU.ActiveCfg = Debug|Any CPU
		{B884FD5B-FB09-43F4-AADC-B507B7D14283}.Debug|Any CPU.Build.0 = Debug|Any CPU
		{B884FD5B-FB09-43F4-AADC-B507B7D14283}.Release|Any CPU.ActiveCfg = Release|Any CPU
		{B884FD5B-FB09-43F4-AADC-B507B7D14283}.Release|Any CPU.Build.0 = Release|Any CPU
		{357018B8-4AEE-4C9E-9136-B06219360F89}.Debug|Any CPU.ActiveCfg = Debug|Any CPU
		{357018B8-4AEE-4C9E-9136-B06219360F89}.Debug|Any CPU.Build.0 = Debug|Any CPU
		{357018B8-4AEE-4C9E-9136-B06219360F89}.Release|Any CPU.ActiveCfg = Release|Any CPU
		{357018B8-4AEE-4C9E-9136-B06219360F89}.Release|Any CPU.Build.0 = Release|Any CPU
		{B9193A99-F440-8282-1A90-1232F9AF6C0C}.Debug|Any CPU.ActiveCfg = Debug|Any CPU
		{B9193A99-F440-8282-1A90-1232F9AF6C0C}.Debug|Any CPU.Build.0 = Debug|Any CPU
		{B9193A99-F440-8282-1A90-1232F9AF6C0C}.Release|Any CPU.ActiveCfg = Release|Any CPU
		{B9193A99-F440-8282-1A90-1232F9AF6C0C}.Release|Any CPU.Build.0 = Release|Any CPU
		{E97AA169-5906-9560-1805-7FE7597C83BB}.Debug|Any CPU.ActiveCfg = Debug|Any CPU
		{E97AA169-5906-9560-1805-7FE7597C83BB}.Debug|Any CPU.Build.0 = Debug|Any CPU
		{E97AA169-5906-9560-1805-7FE7597C83BB}.Release|Any CPU.ActiveCfg = Debug|Any CPU
		{E97AA169-5906-9560-1805-7FE7597C83BB}.Release|Any CPU.Build.0 = Debug|Any CPU
		{A9807B56-ABAE-FC54-E455-F6F1CAEFB532}.Debug|Any CPU.ActiveCfg = Debug|Any CPU
		{A9807B56-ABAE-FC54-E455-F6F1CAEFB532}.Debug|Any CPU.Build.0 = Debug|Any CPU
		{A9807B56-ABAE-FC54-E455-F6F1CAEFB532}.Release|Any CPU.ActiveCfg = Debug|Any CPU
		{A9807B56-ABAE-FC54-E455-F6F1CAEFB532}.Release|Any CPU.Build.0 = Debug|Any CPU
		{19CD0B31-CDBA-7499-6B78-B3699FA91985}.Debug|Any CPU.ActiveCfg = Debug|Any CPU
		{19CD0B31-CDBA-7499-6B78-B3699FA91985}.Debug|Any CPU.Build.0 = Debug|Any CPU
		{19CD0B31-CDBA-7499-6B78-B3699FA91985}.Release|Any CPU.ActiveCfg = Debug|Any CPU
		{19CD0B31-CDBA-7499-6B78-B3699FA91985}.Release|Any CPU.Build.0 = Debug|Any CPU
		{07FDEA1A-951E-B63E-61B1-5C290EC877AE}.Debug|Any CPU.ActiveCfg = Debug|Any CPU
		{07FDEA1A-951E-B63E-61B1-5C290EC877AE}.Debug|Any CPU.Build.0 = Debug|Any CPU
		{07FDEA1A-951E-B63E-61B1-5C290EC877AE}.Release|Any CPU.ActiveCfg = Release|Any CPU
		{07FDEA1A-951E-B63E-61B1-5C290EC877AE}.Release|Any CPU.Build.0 = Release|Any CPU
		{C850031A-5EAC-A3C7-B2CE-02C4820F25DE}.Debug|Any CPU.ActiveCfg = Debug|Any CPU
		{C850031A-5EAC-A3C7-B2CE-02C4820F25DE}.Debug|Any CPU.Build.0 = Debug|Any CPU
		{C850031A-5EAC-A3C7-B2CE-02C4820F25DE}.Release|Any CPU.ActiveCfg = Release|Any CPU
		{C850031A-5EAC-A3C7-B2CE-02C4820F25DE}.Release|Any CPU.Build.0 = Release|Any CPU
		{00870BE9-4D65-0D75-73AB-6FCCDC775BBF}.Debug|Any CPU.ActiveCfg = Debug|Any CPU
		{00870BE9-4D65-0D75-73AB-6FCCDC775BBF}.Debug|Any CPU.Build.0 = Debug|Any CPU
		{00870BE9-4D65-0D75-73AB-6FCCDC775BBF}.Release|Any CPU.ActiveCfg = Release|Any CPU
		{00870BE9-4D65-0D75-73AB-6FCCDC775BBF}.Release|Any CPU.Build.0 = Release|Any CPU
		{E885DF01-D35B-4F03-F095-42F28A9B0694}.Debug|Any CPU.ActiveCfg = Debug|Any CPU
		{E885DF01-D35B-4F03-F095-42F28A9B0694}.Debug|Any CPU.Build.0 = Debug|Any CPU
		{E885DF01-D35B-4F03-F095-42F28A9B0694}.Release|Any CPU.ActiveCfg = Release|Any CPU
		{E885DF01-D35B-4F03-F095-42F28A9B0694}.Release|Any CPU.Build.0 = Release|Any CPU
		{FFC410FC-CE4A-F7F4-25F0-4C586274C387}.Debug|Any CPU.ActiveCfg = Debug|Any CPU
		{FFC410FC-CE4A-F7F4-25F0-4C586274C387}.Debug|Any CPU.Build.0 = Debug|Any CPU
		{FFC410FC-CE4A-F7F4-25F0-4C586274C387}.Release|Any CPU.ActiveCfg = Release|Any CPU
		{FFC410FC-CE4A-F7F4-25F0-4C586274C387}.Release|Any CPU.Build.0 = Release|Any CPU
		{9DBAE9DA-E466-4180-9D6D-21598F41B798}.Debug|Any CPU.ActiveCfg = Debug|Any CPU
		{9DBAE9DA-E466-4180-9D6D-21598F41B798}.Debug|Any CPU.Build.0 = Debug|Any CPU
		{9DBAE9DA-E466-4180-9D6D-21598F41B798}.Release|Any CPU.ActiveCfg = Release|Any CPU
		{9DBAE9DA-E466-4180-9D6D-21598F41B798}.Release|Any CPU.Build.0 = Release|Any CPU
		{288CD40A-0D39-B13E-D6A7-40FEA9957364}.Debug|Any CPU.ActiveCfg = Debug|Any CPU
		{288CD40A-0D39-B13E-D6A7-40FEA9957364}.Debug|Any CPU.Build.0 = Debug|Any CPU
		{288CD40A-0D39-B13E-D6A7-40FEA9957364}.Release|Any CPU.ActiveCfg = Release|Any CPU
		{288CD40A-0D39-B13E-D6A7-40FEA9957364}.Release|Any CPU.Build.0 = Release|Any CPU
		{46677D81-7C4D-36BB-1C92-418FEB40E24B}.Debug|Any CPU.ActiveCfg = Debug|Any CPU
		{46677D81-7C4D-36BB-1C92-418FEB40E24B}.Debug|Any CPU.Build.0 = Debug|Any CPU
		{46677D81-7C4D-36BB-1C92-418FEB40E24B}.Release|Any CPU.ActiveCfg = Release|Any CPU
		{46677D81-7C4D-36BB-1C92-418FEB40E24B}.Release|Any CPU.Build.0 = Release|Any CPU
		{9CD7AA12-A73D-246B-3046-AE4BD5CD27FD}.Debug|Any CPU.ActiveCfg = Debug|Any CPU
		{9CD7AA12-A73D-246B-3046-AE4BD5CD27FD}.Debug|Any CPU.Build.0 = Debug|Any CPU
		{9CD7AA12-A73D-246B-3046-AE4BD5CD27FD}.Release|Any CPU.ActiveCfg = Release|Any CPU
		{9CD7AA12-A73D-246B-3046-AE4BD5CD27FD}.Release|Any CPU.Build.0 = Release|Any CPU
		{F199AD7A-814B-1DCE-477A-A0A55861F0EE}.Debug|Any CPU.ActiveCfg = Debug|Any CPU
		{F199AD7A-814B-1DCE-477A-A0A55861F0EE}.Debug|Any CPU.Build.0 = Debug|Any CPU
		{F199AD7A-814B-1DCE-477A-A0A55861F0EE}.Release|Any CPU.ActiveCfg = Release|Any CPU
		{F199AD7A-814B-1DCE-477A-A0A55861F0EE}.Release|Any CPU.Build.0 = Release|Any CPU
	EndGlobalSection
	GlobalSection(SolutionProperties) = preSolution
		HideSolutionNode = FALSE
	EndGlobalSection
	GlobalSection(NestedProjects) = preSolution
		{1D5E776C-EC67-4BB1-9C66-A09240A6BCED} = {02EA681E-C7D8-13C7-8484-4AC65E1B71E8}
		{EC318EB8-4229-482F-85B5-CB2D96ADF191} = {02EA681E-C7D8-13C7-8484-4AC65E1B71E8}
		{5AD86954-6190-402F-816D-81EA7746F473} = {3A857F96-9401-41E3-A0FA-87F4250C533E}
		{AC08CE41-7ADF-44A7-B1DB-D81A95FB06C7} = {3A857F96-9401-41E3-A0FA-87F4250C533E}
		{18A1A495-9280-493E-B1F8-01BFDF933DA6} = {3A857F96-9401-41E3-A0FA-87F4250C533E}
		{5679669D-0398-4694-AC3E-CE012DB8D0CB} = {3A857F96-9401-41E3-A0FA-87F4250C533E}
		{B2E900FF-A214-4047-8278-FD5876C8EE7C} = {9617C6F9-70E4-4506-8B99-5803741515F4}
		{144E91A3-9824-420A-8C03-ADB3E2544373} = {B2E900FF-A214-4047-8278-FD5876C8EE7C}
		{B04F6D06-F3F6-4DC6-A49B-E40940D82F0F} = {9617C6F9-70E4-4506-8B99-5803741515F4}
		{8EDE126D-C9F9-4384-BC9F-452DF0C84451} = {9617C6F9-70E4-4506-8B99-5803741515F4}
		{7A02BA7E-8C96-4B7D-A55A-7E24C1F3FD36} = {9617C6F9-70E4-4506-8B99-5803741515F4}
		{9FBB116F-1BCA-486A-961D-FFCBE4D4E8BD} = {9617C6F9-70E4-4506-8B99-5803741515F4}
		{D37992D6-1286-4D1B-A3E2-0A64E5024158} = {9617C6F9-70E4-4506-8B99-5803741515F4}
		{F128218B-FDE8-44A9-A531-939C151CEC47} = {9617C6F9-70E4-4506-8B99-5803741515F4}
		{F7784048-603B-428B-AE23-0C68EC3EAF79} = {9617C6F9-70E4-4506-8B99-5803741515F4}
		{56626645-F377-46C1-B6C9-848D9CD1EE6B} = {B2E900FF-A214-4047-8278-FD5876C8EE7C}
		{EE15901E-3A7D-4346-BEAE-B4EDDECB4922} = {B2E900FF-A214-4047-8278-FD5876C8EE7C}
		{AB5C77ED-01BA-40B6-80BB-F44F3365AAD4} = {D37992D6-1286-4D1B-A3E2-0A64E5024158}
		{A817D73A-E9FF-4BDB-9B35-63CFD16BD064} = {D37992D6-1286-4D1B-A3E2-0A64E5024158}
		{0DA51133-0157-4D50-98DB-0DADD3207771} = {D37992D6-1286-4D1B-A3E2-0A64E5024158}
		{D814DB26-2578-4260-928E-60B785599723} = {F128218B-FDE8-44A9-A531-939C151CEC47}
		{71B465DD-6FBE-4DFF-B849-24662A86BC64} = {F7784048-603B-428B-AE23-0C68EC3EAF79}
		{F8D6AC01-88E8-4481-BEB4-E6D232F7D75B} = {F7784048-603B-428B-AE23-0C68EC3EAF79}
		{E95B41C0-47AE-43FF-AF34-5A897C80D3D4} = {F7784048-603B-428B-AE23-0C68EC3EAF79}
		{DABBBD99-04C0-4DE5-AAF4-87EDA0655391} = {B04F6D06-F3F6-4DC6-A49B-E40940D82F0F}
		{83EE2FEB-0D0A-4552-8574-C20550B14197} = {B04F6D06-F3F6-4DC6-A49B-E40940D82F0F}
		{6CBB6052-6516-4ADE-846E-2C337974244A} = {B04F6D06-F3F6-4DC6-A49B-E40940D82F0F}
		{B884FD5B-FB09-43F4-AADC-B507B7D14283} = {F128218B-FDE8-44A9-A531-939C151CEC47}
		{357018B8-4AEE-4C9E-9136-B06219360F89} = {F128218B-FDE8-44A9-A531-939C151CEC47}
		{C850031A-5EAC-A3C7-B2CE-02C4820F25DE} = {8EDE126D-C9F9-4384-BC9F-452DF0C84451}
		{00870BE9-4D65-0D75-73AB-6FCCDC775BBF} = {8EDE126D-C9F9-4384-BC9F-452DF0C84451}
		{E885DF01-D35B-4F03-F095-42F28A9B0694} = {8EDE126D-C9F9-4384-BC9F-452DF0C84451}
		{FFC410FC-CE4A-F7F4-25F0-4C586274C387} = {8EDE126D-C9F9-4384-BC9F-452DF0C84451}
		{9DBAE9DA-E466-4180-9D6D-21598F41B798} = {9FBB116F-1BCA-486A-961D-FFCBE4D4E8BD}
		{288CD40A-0D39-B13E-D6A7-40FEA9957364} = {9FBB116F-1BCA-486A-961D-FFCBE4D4E8BD}
		{46677D81-7C4D-36BB-1C92-418FEB40E24B} = {7A02BA7E-8C96-4B7D-A55A-7E24C1F3FD36}
		{9CD7AA12-A73D-246B-3046-AE4BD5CD27FD} = {7A02BA7E-8C96-4B7D-A55A-7E24C1F3FD36}
		{F199AD7A-814B-1DCE-477A-A0A55861F0EE} = {7A02BA7E-8C96-4B7D-A55A-7E24C1F3FD36}
	EndGlobalSection
	GlobalSection(ExtensibilityGlobals) = postSolution
		SolutionGuid = {C53D43C9-E19E-459E-A452-F7B4FB8D2B69}
	EndGlobalSection
EndGlobal
